
Microsoft Visual Studio Solution File, Format Version 12.00
# Visual Studio Version 17
VisualStudioVersion = 17.6.33829.357
MinimumVisualStudioVersion = 10.0.40219.1
Project("{9A19103F-16F7-4668-BE54-9A1E7A4F7556}") = "StorageAppInterface", "StorageAppInterface\StorageAppInterface.csproj", "{B2AE0BD8-7389-4807-8C70-8BCD76CD39F9}"
EndProject
Project("{9A19103F-16F7-4668-BE54-9A1E7A4F7556}") = "StorageAppLogic", "StorageController\StorageAppLogic.csproj", "{01C4E8FE-7272-4CC3-9B78-4FC30C56FEA3}"
EndProject
Global
	GlobalSection(SolutionConfigurationPlatforms) = preSolution
		Debug|Any CPU = Debug|Any CPU
		Release|Any CPU = Release|Any CPU
	EndGlobalSection
	GlobalSection(ProjectConfigurationPlatforms) = postSolution
		{B2AE0BD8-7389-4807-8C70-8BCD76CD39F9}.Debug|Any CPU.ActiveCfg = Debug|Any CPU
		{B2AE0BD8-7389-4807-8C70-8BCD76CD39F9}.Debug|Any CPU.Build.0 = Debug|Any CPU
		{B2AE0BD8-7389-4807-8C70-8BCD76CD39F9}.Release|Any CPU.ActiveCfg = Release|Any CPU
		{B2AE0BD8-7389-4807-8C70-8BCD76CD39F9}.Release|Any CPU.Build.0 = Release|Any CPU
		{01C4E8FE-7272-4CC3-9B78-4FC30C56FEA3}.Debug|Any CPU.ActiveCfg = Debug|Any CPU
		{01C4E8FE-7272-4CC3-9B78-4FC30C56FEA3}.Debug|Any CPU.Build.0 = Debug|Any CPU
		{01C4E8FE-7272-4CC3-9B78-4FC30C56FEA3}.Release|Any CPU.ActiveCfg = Release|Any CPU
		{01C4E8FE-7272-4CC3-9B78-4FC30C56FEA3}.Release|Any CPU.Build.0 = Release|Any CPU
	EndGlobalSection
	GlobalSection(SolutionProperties) = preSolution
		HideSolutionNode = FALSE
	EndGlobalSection
	GlobalSection(ExtensibilityGlobals) = postSolution
		SolutionGuid = {8E5C5F14-6FE2-42CF-972F-C2F170E72CD3}
	EndGlobalSection
EndGlobal
